
Microsoft Visual Studio Solution File, Format Version 12.00
# Visual Studio Version 17
VisualStudioVersion = 17.2.32630.192
MinimumVisualStudioVersion = 10.0.40219.1
Project("{FAE04EC0-301F-11D3-BF4B-00C04F79EFBC}") = "Lxqtpr.Calculator.Shell", "Lxqtpr.Calculator.Shell.csproj", "{8375DF1D-67D7-4352-84E1-A6389A0CDFB6}"
EndProject
Global
	GlobalSection(SolutionConfigurationPlatforms) = preSolution
		Debug|Any CPU = Debug|Any CPU
		Release|Any CPU = Release|Any CPU
	EndGlobalSection
	GlobalSection(ProjectConfigurationPlatforms) = postSolution
		{8375DF1D-67D7-4352-84E1-A6389A0CDFB6}.Debug|Any CPU.ActiveCfg = Debug|Any CPU
		{8375DF1D-67D7-4352-84E1-A6389A0CDFB6}.Debug|Any CPU.Build.0 = Debug|Any CPU
		{8375DF1D-67D7-4352-84E1-A6389A0CDFB6}.Release|Any CPU.ActiveCfg = Release|Any CPU
		{8375DF1D-67D7-4352-84E1-A6389A0CDFB6}.Release|Any CPU.Build.0 = Release|Any CPU
	EndGlobalSection
	GlobalSection(SolutionProperties) = preSolution
		HideSolutionNode = FALSE
	EndGlobalSection
	GlobalSection(ExtensibilityGlobals) = postSolution
		SolutionGuid = {E85E7761-6B16-4217-A791-3CE7BBDC0D78}
	EndGlobalSection
	GlobalSection(NestedProjects) = preSolution
	EndGlobalSection
EndGlobal
